Microsoft Visual Studio Solution File, Format Version 12.00
# Visual Studio 2012
Project("{FAE04EC0-301F-11D3-BF4B-00C04F79EFBC}") = "Getting started with Godot 4", "Getting started with Godot 4.csproj", "{2B8E23FA-EAA8-4FDD-8B9A-A567BDC1C9D4}"
EndProject
Global
	GlobalSection(SolutionConfigurationPlatforms) = preSolution
	Debug|Any CPU = Debug|Any CPU
	ExportDebug|Any CPU = ExportDebug|Any CPU
	ExportRelease|Any CPU = ExportRelease|Any CPU
	EndGlobalSection
	GlobalSection(ProjectConfigurationPlatforms) = postSolution
		{2B8E23FA-EAA8-4FDD-8B9A-A567BDC1C9D4}.Debug|Any CPU.ActiveCfg = Debug|Any CPU
		{2B8E23FA-EAA8-4FDD-8B9A-A567BDC1C9D4}.Debug|Any CPU.Build.0 = Debug|Any CPU
		{2B8E23FA-EAA8-4FDD-8B9A-A567BDC1C9D4}.ExportDebug|Any CPU.ActiveCfg = ExportDebug|Any CPU
		{2B8E23FA-EAA8-4FDD-8B9A-A567BDC1C9D4}.ExportDebug|Any CPU.Build.0 = ExportDebug|Any CPU
		{2B8E23FA-EAA8-4FDD-8B9A-A567BDC1C9D4}.ExportRelease|Any CPU.ActiveCfg = ExportRelease|Any CPU
		{2B8E23FA-EAA8-4FDD-8B9A-A567BDC1C9D4}.ExportRelease|Any CPU.Build.0 = ExportRelease|Any CPU
	EndGlobalSection
EndGlobal
